// !$*UTF8*$!
{
	archiveVersion = 1;
	classes = {
	};
	objectVersion = 46;
	objects = {

/* Begin PBXBuildFile section */
		7F88178118F946BA00BF8B72 /* Foundation.framework in Frameworks */ = {isa = PBXBuildFile; fileRef = 7F88178018F946BA00BF8B72 /* Foundation.framework */; };
		7F88178318F946BA00BF8B72 /* CoreGraphics.framework in Frameworks */ = {isa = PBXBuildFile; fileRef = 7F88178218F946BA00BF8B72 /* CoreGraphics.framework */; };
		7F88178518F946BA00BF8B72 /* UIKit.framework in Frameworks */ = {isa = PBXBuildFile; fileRef = 7F88178418F946BA00BF8B72 /* UIKit.framework */; };
		7F88178B18F946BA00BF8B72 /* InfoPlist.strings in Resources */ = {isa = PBXBuildFile; fileRef = 7F88178918F946BA00BF8B72 /* InfoPlist.strings */; };
		7F88178D18F946BA00BF8B72 /* main.m in Sources */ = {isa = PBXBuildFile; fileRef = 7F88178C18F946BA00BF8B72 /* main.m */; };
		7F88179118F946BA00BF8B72 /* mbfAppDelegate.m in Sources */ = {isa = PBXBuildFile; fileRef = 7F88179018F946BA00BF8B72 /* mbfAppDelegate.m */; };
		7F88179418F946BA00BF8B72 /* Main.storyboard in Resources */ = {isa = PBXBuildFile; fileRef = 7F88179218F946BA00BF8B72 /* Main.storyboard */; };
		7F88179718F946BA00BF8B72 /* mbfViewController.m in Sources */ = {isa = PBXBuildFile; fileRef = 7F88179618F946BA00BF8B72 /* mbfViewController.m */; };
		7F88179918F946BA00BF8B72 /* Images.xcassets in Resources */ = {isa = PBXBuildFile; fileRef = 7F88179818F946BA00BF8B72 /* Images.xcassets */; };
		7F8817A018F946BA00BF8B72 /* XCTest.framework in Frameworks */ = {isa = PBXBuildFile; fileRef = 7F88179F18F946BA00BF8B72 /* XCTest.framework */; };
		7F8817A118F946BA00BF8B72 /* Foundation.framework in Frameworks */ = {isa = PBXBuildFile; fileRef = 7F88178018F946BA00BF8B72 /* Foundation.framework */; };
		7F8817A218F946BA00BF8B72 /* UIKit.framework in Frameworks */ = {isa = PBXBuildFile; fileRef = 7F88178418F946BA00BF8B72 /* UIKit.framework */; };
		7F8817AA18F946BA00BF8B72 /* InfoPlist.strings in Resources */ = {isa = PBXBuildFile; fileRef = 7F8817A818F946BA00BF8B72 /* InfoPlist.strings */; };
		7F8817AC18F946BA00BF8B72 /* Man_s_Best_FriendTests.m in Sources */ = {isa = PBXBuildFile; fileRef = 7F8817AB18F946BA00BF8B72 /* Man_s_Best_FriendTests.m */; };
/* End PBXBuildFile section */

/* Begin PBXContainerItemProxy section */
		7F8817A318F946BA00BF8B72 /* PBXContainerItemProxy */ = {
			isa = PBXContainerItemProxy;
			containerPortal = 7F88177518F946BA00BF8B72 /* Project object */;
			proxyType = 1;
			remoteGlobalIDString = 7F88177C18F946BA00BF8B72;
			remoteInfo = "Man's Best Friend";
		};
/* End PBXContainerItemProxy section */

/* Begin PBXFileReference section */
		7F88177D18F946BA00BF8B72 /* Man's Best Friend.app */ = {isa = PBXFileReference; explicitFileType = wrapper.application; includeInIndex = 0; path = "Man's Best Friend.app"; sourceTree = BUILT_PRODUCTS_DIR; };
		7F88178018F946BA00BF8B72 /* Foundation.framework */ = {isa = PBXFileReference; lastKnownFileType = wrapper.framework; name = Foundation.framework; path = System/Library/Frameworks/Foundation.framework; sourceTree = SDKROOT; };
		7F88178218F946BA00BF8B72 /* CoreGraphics.framework */ = {isa = PBXFileReference; lastKnownFileType = wrapper.framework; name = CoreGraphics.framework; path = System/Library/Frameworks/CoreGraphics.framework; sourceTree = SDKROOT; };
		7F88178418F946BA00BF8B72 /* UIKit.framework */ = {isa = PBXFileReference; lastKnownFileType = wrapper.framework; name = UIKit.framework; path = System/Library/Frameworks/UIKit.framework; sourceTree = SDKROOT; };
		7F88178818F946BA00BF8B72 /* Man's Best Friend-Info.plist */ = {isa = PBXFileReference; lastKnownFileType = text.plist.xml; path = "Man's Best Friend-Info.plist"; sourceTree = "<group>"; };
		7F88178A18F946BA00BF8B72 /* en */ = {isa = PBXFileReference; lastKnownFileType = text.plist.strings; name = en; path = en.lproj/InfoPlist.strings; sourceTree = "<group>"; };
		7F88178C18F946BA00BF8B72 /* main.m */ = {isa = PBXFileReference; lastKnownFileType = sourcecode.c.objc; path = main.m; sourceTree = "<group>"; };
		7F88178E18F946BA00BF8B72 /* Man's Best Friend-Prefix.pch */ = {isa = PBXFileReference; lastKnownFileType = sourcecode.c.h; path = "Man's Best Friend-Prefix.pch"; sourceTree = "<group>"; };
		7F88178F18F946BA00BF8B72 /* mbfAppDelegate.h */ = {isa = PBXFileReference; lastKnownFileType = sourcecode.c.h; path = mbfAppDelegate.h; sourceTree = "<group>"; };
		7F88179018F946BA00BF8B72 /* mbfAppDelegate.m */ = {isa = PBXFileReference; lastKnownFileType = sourcecode.c.objc; path = mbfAppDelegate.m; sourceTree = "<group>"; };
		7F88179318F946BA00BF8B72 /* Base */ = {isa = PBXFileReference; lastKnownFileType = file.storyboard; name = Base; path = Base.lproj/Main.storyboard; sourceTree = "<group>"; };
		7F88179518F946BA00BF8B72 /* mbfViewController.h */ = {isa = PBXFileReference; lastKnownFileType = sourcecode.c.h; path = mbfViewController.h; sourceTree = "<group>"; };
		7F88179618F946BA00BF8B72 /* mbfViewController.m */ = {isa = PBXFileReference; lastKnownFileType = sourcecode.c.objc; path = mbfViewController.m; sourceTree = "<group>"; };
		7F88179818F946BA00BF8B72 /* Images.xcassets */ = {isa = PBXFileReference; lastKnownFileType = folder.assetcatalog; path = Images.xcassets; sourceTree = "<group>"; };
		7F88179E18F946BA00BF8B72 /* Man's Best FriendTests.xctest */ = {isa = PBXFileReference; explicitFileType = wrapper.cfbundle; includeInIndex = 0; path = "Man's Best FriendTests.xctest"; sourceTree = BUILT_PRODUCTS_DIR; };
		7F88179F18F946BA00BF8B72 /* XCTest.framework */ = {isa = PBXFileReference; lastKnownFileType = wrapper.framework; name = XCTest.framework; path = Library/Frameworks/XCTest.framework; sourceTree = DEVELOPER_DIR; };
		7F8817A718F946BA00BF8B72 /* Man's Best FriendTests-Info.plist */ = {isa = PBXFileReference; lastKnownFileType = text.plist.xml; path = "Man's Best FriendTests-Info.plist"; sourceTree = "<group>"; };
		7F8817A918F946BA00BF8B72 /* en */ = {isa = PBXFileReference; lastKnownFileType = text.plist.strings; name = en; path = en.lproj/InfoPlist.strings; sourceTree = "<group>"; };
		7F8817AB18F946BA00BF8B72 /* Man_s_Best_FriendTests.m */ = {isa = PBXFileReference; lastKnownFileType = sourcecode.c.objc; path = Man_s_Best_FriendTests.m; sourceTree = "<group>"; };
/* End PBXFileReference section */

/* Begin PBXFrameworksBuildPhase section */
		7F88177A18F946BA00BF8B72 /* Frameworks */ = {
			isa = PBXFrameworksBuildPhase;
			buildActionMask = 2147483647;
			files = (
				7F88178318F946BA00BF8B72 /* CoreGraphics.framework in Frameworks */,
				7F88178518F946BA00BF8B72 /* UIKit.framework in Frameworks */,
				7F88178118F946BA00BF8B72 /* Foundation.framework in Frameworks */,
			);
			runOnlyForDeploymentPostprocessing = 0;
		};
		7F88179B18F946BA00BF8B72 /* Frameworks */ = {
			isa = PBXFrameworksBuildPhase;
			buildActionMask = 2147483647;
			files = (
				7F8817A018F946BA00BF8B72 /* XCTest.framework in Frameworks */,
				7F8817A218F946BA00BF8B72 /* UIKit.framework in Frameworks */,
				7F8817A118F946BA00BF8B72 /* Foundation.framework in Frameworks */,
			);
			runOnlyForDeploymentPostprocessing = 0;
		};
/* End PBXFrameworksBuildPhase section */

/* Begin PBXGroup section */
		7F88177418F946BA00BF8B72 = {
			isa = PBXGroup;
			children = (
				7F88178618F946BA00BF8B72 /* Man's Best Friend */,
				7F8817A518F946BA00BF8B72 /* Man's Best FriendTests */,
				7F88177F18F946BA00BF8B72 /* Frameworks */,
				7F88177E18F946BA00BF8B72 /* Products */,
			);
			sourceTree = "<group>";
		};
		7F88177E18F946BA00BF8B72 /* Products */ = {
			isa = PBXGroup;
			children = (
				7F88177D18F946BA00BF8B72 /* Man's Best Friend.app */,
				7F88179E18F946BA00BF8B72 /* Man's Best FriendTests.xctest */,
			);
			name = Products;
			sourceTree = "<group>";
		};
		7F88177F18F946BA00BF8B72 /* Frameworks */ = {
			isa = PBXGroup;
			children = (
				7F88178018F946BA00BF8B72 /* Foundation.framework */,
				7F88178218F946BA00BF8B72 /* CoreGraphics.framework */,
				7F88178418F946BA00BF8B72 /* UIKit.framework */,
				7F88179F18F946BA00BF8B72 /* XCTest.framework */,
			);
			name = Frameworks;
			sourceTree = "<group>";
		};
		7F88178618F946BA00BF8B72 /* Man's Best Friend */ = {
			isa = PBXGroup;
			children = (
				7F88178F18F946BA00BF8B72 /* mbfAppDelegate.h */,
				7F88179018F946BA00BF8B72 /* mbfAppDelegate.m */,
				7F88179218F946BA00BF8B72 /* Main.storyboard */,
				7F88179518F946BA00BF8B72 /* mbfViewController.h */,
				7F88179618F946BA00BF8B72 /* mbfViewController.m */,
				7F88179818F946BA00BF8B72 /* Images.xcassets */,
				7F88178718F946BA00BF8B72 /* Supporting Files */,
			);
			path = "Man's Best Friend";
			sourceTree = "<group>";
		};
		7F88178718F946BA00BF8B72 /* Supporting Files */ = {
			isa = PBXGroup;
			children = (
				7F88178818F946BA00BF8B72 /* Man's Best Friend-Info.plist */,
				7F88178918F946BA00BF8B72 /* InfoPlist.strings */,
				7F88178C18F946BA00BF8B72 /* main.m */,
				7F88178E18F946BA00BF8B72 /* Man's Best Friend-Prefix.pch */,
			);
			name = "Supporting Files";
			sourceTree = "<group>";
		};
		7F8817A518F946BA00BF8B72 /* Man's Best FriendTests */ = {
			isa = PBXGroup;
			children = (
				7F8817AB18F946BA00BF8B72 /* Man_s_Best_FriendTests.m */,
				7F8817A618F946BA00BF8B72 /* Supporting Files */,
			);
			path = "Man's Best FriendTests";
			sourceTree = "<group>";
		};
		7F8817A618F946BA00BF8B72 /* Supporting Files */ = {
			isa = PBXGroup;
			children = (
				7F8817A718F946BA00BF8B72 /* Man's Best FriendTests-Info.plist */,
				7F8817A818F946BA00BF8B72 /* InfoPlist.strings */,
			);
			name = "Supporting Files";
			sourceTree = "<group>";
		};
/* End PBXGroup section */

/* Begin PBXNativeTarget section */
		7F88177C18F946BA00BF8B72 /* Man's Best Friend */ = {
			isa = PBXNativeTarget;
			buildConfigurationList = 7F8817AF18F946BB00BF8B72 /* Build configuration list for PBXNativeTarget "Man's Best Friend" */;
			buildPhases = (
				7F88177918F946BA00BF8B72 /* Sources */,
				7F88177A18F946BA00BF8B72 /* Frameworks */,
				7F88177B18F946BA00BF8B72 /* Resources */,
			);
			buildRules = (
			);
			dependencies = (
			);
			name = "Man's Best Friend";
			productName = "Man's Best Friend";
			productReference = 7F88177D18F946BA00BF8B72 /* Man's Best Friend.app */;
			productType = "com.apple.product-type.application";
		};
		7F88179D18F946BA00BF8B72 /* Man's Best FriendTests */ = {
			isa = PBXNativeTarget;
			buildConfigurationList = 7F8817B218F946BB00BF8B72 /* Build configuration list for PBXNativeTarget "Man's Best FriendTests" */;
			buildPhases = (
				7F88179A18F946BA00BF8B72 /* Sources */,
				7F88179B18F946BA00BF8B72 /* Frameworks */,
				7F88179C18F946BA00BF8B72 /* Resources */,
			);
			buildRules = (
			);
			dependencies = (
				7F8817A418F946BA00BF8B72 /* PBXTargetDependency */,
			);
			name = "Man's Best FriendTests";
			productName = "Man's Best FriendTests";
			productReference = 7F88179E18F946BA00BF8B72 /* Man's Best FriendTests.xctest */;
			productType = "com.apple.product-type.bundle.unit-test";
		};
/* End PBXNativeTarget section */

/* Begin PBXProject section */
		7F88177518F946BA00BF8B72 /* Project object */ = {
			isa = PBXProject;
			attributes = {
				CLASSPREFIX = mbf;
				LastUpgradeCheck = 0510;
				ORGANIZATIONNAME = navaco;
				TargetAttributes = {
					7F88179D18F946BA00BF8B72 = {
						TestTargetID = 7F88177C18F946BA00BF8B72;
					};
				};
			};
			buildConfigurationList = 7F88177818F946BA00BF8B72 /* Build configuration list for PBXProject "Man's Best Friend" */;
			compatibilityVersion = "Xcode 3.2";
			developmentRegion = English;
			hasScannedForEncodings = 0;
			knownRegions = (
				en,
				Base,
			);
			mainGroup = 7F88177418F946BA00BF8B72;
			productRefGroup = 7F88177E18F946BA00BF8B72 /* Products */;
			projectDirPath = "";
			projectRoot = "";
			targets = (
				7F88177C18F946BA00BF8B72 /* Man's Best Friend */,
				7F88179D18F946BA00BF8B72 /* Man's Best FriendTests */,
			);
		};
/* End PBXProject section */

/* Begin PBXResourcesBuildPhase section */
		7F88177B18F946BA00BF8B72 /* Resources */ = {
			isa = PBXResourcesBuildPhase;
			buildActionMask = 2147483647;
			files = (
				7F88179918F946BA00BF8B72 /* Images.xcassets in Resources */,
				7F88178B18F946BA00BF8B72 /* InfoPlist.strings in Resources */,
				7F88179418F946BA00BF8B72 /* Main.storyboard in Resources */,
			);
			runOnlyForDeploymentPostprocessing = 0;
		};
		7F88179C18F946BA00BF8B72 /* Resources */ = {
			isa = PBXResourcesBuildPhase;
			buildActionMask = 2147483647;
			files = (
				7F8817AA18F946BA00BF8B72 /* InfoPlist.strings in Resources */,
			);
			runOnlyForDeploymentPostprocessing = 0;
		};
/* End PBXResourcesBuildPhase section */

/* Begin PBXSourcesBuildPhase section */
		7F88177918F946BA00BF8B72 /* Sources */ = {
			isa = PBXSourcesBuildPhase;
			buildActionMask = 2147483647;
			files = (
				7F88179718F946BA00BF8B72 /* mbfViewController.m in Sources */,
				7F88179118F946BA00BF8B72 /* mbfAppDelegate.m in Sources */,
				7F88178D18F946BA00BF8B72 /* main.m in Sources */,
			);
			runOnlyForDeploymentPostprocessing = 0;
		};
		7F88179A18F946BA00BF8B72 /* Sources */ = {
			isa = PBXSourcesBuildPhase;
			buildActionMask = 2147483647;
			files = (
				7F8817AC18F946BA00BF8B72 /* Man_s_Best_FriendTests.m in Sources */,
			);
			runOnlyForDeploymentPostprocessing = 0;
		};
/* End PBXSourcesBuildPhase section */

/* Begin PBXTargetDependency section */
		7F8817A418F946BA00BF8B72 /* PBXTargetDependency */ = {
			isa = PBXTargetDependency;
			target = 7F88177C18F946BA00BF8B72 /* Man's Best Friend */;
			targetProxy = 7F8817A318F946BA00BF8B72 /* PBXContainerItemProxy */;
		};
/* End PBXTargetDependency section */

/* Begin PBXVariantGroup section */
		7F88178918F946BA00BF8B72 /* InfoPlist.strings */ = {
			isa = PBXVariantGroup;
			children = (
				7F88178A18F946BA00BF8B72 /* en */,
			);
			name = InfoPlist.strings;
			sourceTree = "<group>";
		};
		7F88179218F946BA00BF8B72 /* Main.storyboard */ = {
			isa = PBXVariantGroup;
			children = (
				7F88179318F946BA00BF8B72 /* Base */,
			);
			name = Main.storyboard;
			sourceTree = "<group>";
		};
		7F8817A818F946BA00BF8B72 /* InfoPlist.strings */ = {
			isa = PBXVariantGroup;
			children = (
				7F8817A918F946BA00BF8B72 /* en */,
			);
			name = InfoPlist.strings;
			sourceTree = "<group>";
		};
/* End PBXVariantGroup section */

/* Begin XCBuildConfiguration section */
		7F8817AD18F946BB00BF8B72 /* Debug */ = {
			isa = XCBuildConfiguration;
			buildSettings = {
				ALWAYS_SEARCH_USER_PATHS = NO;
				CLANG_CXX_LANGUAGE_STANDARD = "gnu++0x";
				CLANG_CXX_LIBRARY = "libc++";
				CLANG_ENABLE_MODULES = YES;
				CLANG_ENABLE_OBJC_ARC = YES;
				CLANG_WARN_BOOL_CONVERSION = YES;
				CLANG_WARN_CONSTANT_CONVERSION = YES;
				CLANG_WARN_DIRECT_OBJC_ISA_USAGE = YES_ERROR;
				CLANG_WARN_EMPTY_BODY = YES;
				CLANG_WARN_ENUM_CONVERSION = YES;
				CLANG_WARN_INT_CONVERSION = YES;
				CLANG_WARN_OBJC_ROOT_CLASS = YES_ERROR;
				CLANG_WARN__DUPLICATE_METHOD_MATCH = YES;
				"CODE_SIGN_IDENTITY[sdk=iphoneos*]" = "iPhone Developer";
				COPY_PHASE_STRIP = NO;
				GCC_C_LANGUAGE_STANDARD = gnu99;
				GCC_DYNAMIC_NO_PIC = NO;
				GCC_OPTIMIZATION_LEVEL = 0;
				GCC_PREPROCESSOR_DEFINITIONS = (
					"DEBUG=1",
					"$(inherited)",
				);
				GCC_SYMBOLS_PRIVATE_EXTERN = NO;
				GCC_WARN_64_TO_32_BIT_CONVERSION = YES;
				GCC_WARN_ABOUT_RETURN_TYPE = YES_ERROR;
				GCC_WARN_UNDECLARED_SELECTOR = YES;
				GCC_WARN_UNINITIALIZED_AUTOS = YES_AGGRESSIVE;
				GCC_WARN_UNUSED_FUNCTION = YES;
				GCC_WARN_UNUSED_VARIABLE = YES;
				IPHONEOS_DEPLOYMENT_TARGET = 7.1;
				ONLY_ACTIVE_ARCH = YES;
				SDKROOT = iphoneos;
			};
			name = Debug;
		};
		7F8817AE18F946BB00BF8B72 /* Release */ = {
			isa = XCBuildConfiguration;
			buildSettings = {
				ALWAYS_SEARCH_USER_PATHS = NO;
				CLANG_CXX_LANGUAGE_STANDARD = "gnu++0x";
				CLANG_CXX_LIBRARY = "libc++";
				CLANG_ENABLE_MODULES = YES;
				CLANG_ENABLE_OBJC_ARC = YES;
				CLANG_WARN_BOOL_CONVERSION = YES;
				CLANG_WARN_CONSTANT_CONVERSION = YES;
				CLANG_WARN_DIRECT_OBJC_ISA_USAGE = YES_ERROR;
				CLANG_WARN_EMPTY_BODY = YES;
				CLANG_WARN_ENUM_CONVERSION = YES;
				CLANG_WARN_INT_CONVERSION = YES;
				CLANG_WARN_OBJC_ROOT_CLASS = YES_ERROR;
				CLANG_WARN__DUPLICATE_METHOD_MATCH = YES;
				"CODE_SIGN_IDENTITY[sdk=iphoneos*]" = "iPhone Developer";
				COPY_PHASE_STRIP = YES;
				ENABLE_NS_ASSERTIONS = NO;
				GCC_C_LANGUAGE_STANDARD = gnu99;
				GCC_WARN_64_TO_32_BIT_CONVERSION = YES;
				GCC_WARN_ABOUT_RETURN_TYPE = YES_ERROR;
				GCC_WARN_UNDECLARED_SELECTOR = YES;
				GCC_WARN_UNINITIALIZED_AUTOS = YES_AGGRESSIVE;
				GCC_WARN_UNUSED_FUNCTION = YES;
				GCC_WARN_UNUSED_VARIABLE = YES;
				IPHONEOS_DEPLOYMENT_TARGET = 7.1;
				SDKROOT = iphoneos;
				VALIDATE_PRODUCT = YES;
			};
			name = Release;
		};
		7F8817B018F946BB00BF8B72 /* Debug */ = {
			isa = XCBuildConfiguration;
			buildSettings = {
				ASSETCATALOG_COMPILER_APPICON_NAME = AppIcon;
				ASSETCATALOG_COMPILER_LAUNCHIMAGE_NAME = LaunchImage;
				GCC_PRECOMPILE_PREFIX_HEADER = YES;
				GCC_PREFIX_HEADER = "Man's Best Friend/Man's Best Friend-Prefix.pch";
				INFOPLIST_FILE = "Man's Best Friend/Man's Best Friend-Info.plist";
				PRODUCT_NAME = "$(TARGET_NAME)";
				WRAPPER_EXTENSION = app;
			};
			name = Debug;
		};
		7F8817B118F946BB00BF8B72 /* Release */ = {
			isa = XCBuildConfiguration;
			buildSettings = {
				ASSETCATALOG_COMPILER_APPICON_NAME = AppIcon;
				ASSETCATALOG_COMPILER_LAUNCHIMAGE_NAME = LaunchImage;
				GCC_PRECOMPILE_PREFIX_HEADER = YES;
				GCC_PREFIX_HEADER = "Man's Best Friend/Man's Best Friend-Prefix.pch";
				INFOPLIST_FILE = "Man's Best Friend/Man's Best Friend-Info.plist";
				PRODUCT_NAME = "$(TARGET_NAME)";
				WRAPPER_EXTENSION = app;
			};
			name = Release;
		};
		7F8817B318F946BB00BF8B72 /* Debug */ = {
			isa = XCBuildConfiguration;
			buildSettings = {
				BUNDLE_LOADER = "$(BUILT_PRODUCTS_DIR)/Man's Best Friend.app/Man's Best Friend";
				FRAMEWORK_SEARCH_PATHS = (
					"$(SDKROOT)/Developer/Library/Frameworks",
					"$(inherited)",
					"$(DEVELOPER_FRAMEWORKS_DIR)",
				);
				GCC_PRECOMPILE_PREFIX_HEADER = YES;
				GCC_PREFIX_HEADER = "Man's Best Friend/Man's Best Friend-Prefix.pch";
				GCC_PREPROCESSOR_DEFINITIONS = (
					"DEBUG=1",
					"$(inherited)",
				);
				INFOPLIST_FILE = "Man's Best FriendTests/Man's Best FriendTests-Info.plist";
				PRODUCT_NAME = "$(TARGET_NAME)";
				TEST_HOST = "$(BUNDLE_LOADER)";
				WRAPPER_EXTENSION = xctest;
			};
			name = Debug;
		};
		7F8817B418F946BB00BF8B72 /* Release */ = {
			isa = XCBuildConfiguration;
			buildSettings = {
				BUNDLE_LOADER = "$(BUILT_PRODUCTS_DIR)/Man's Best Friend.app/Man's Best Friend";
				FRAMEWORK_SEARCH_PATHS = (
					"$(SDKROOT)/Developer/Library/Frameworks",
					"$(inherited)",
					"$(DEVELOPER_FRAMEWORKS_DIR)",
				);
				GCC_PRECOMPILE_PREFIX_HEADER = YES;
				GCC_PREFIX_HEADER = "Man's Best Friend/Man's Best Friend-Prefix.pch";
				INFOPLIST_FILE = "Man's Best FriendTests/Man's Best FriendTests-Info.plist";
				PRODUCT_NAME = "$(TARGET_NAME)";
				TEST_HOST = "$(BUNDLE_LOADER)";
				WRAPPER_EXTENSION = xctest;
			};
			name = Release;
		};
/* End XCBuildConfiguration section */

/* Begin XCConfigurationList section */
		7F88177818F946BA00BF8B72 /* Build configuration list for PBXProject "Man's Best Friend" */ = {
			isa = XCConfigurationList;
			buildConfigurations = (
				7F8817AD18F946BB00BF8B72 /* Debug */,
				7F8817AE18F946BB00BF8B72 /* Release */,
			);
			defaultConfigurationIsVisible = 0;
			defaultConfigurationName = Release;
		};
		7F8817AF18F946BB00BF8B72 /* Build configuration list for PBXNativeTarget "Man's Best Friend" */ = {
			isa = XCConfigurationList;
			buildConfigurations = (
				7F8817B018F946BB00BF8B72 /* Debug */,
				7F8817B118F946BB00BF8B72 /* Release */,
			);
			defaultConfigurationIsVisible = 0;
		};
		7F8817B218F946BB00BF8B72 /* Build configuration list for PBXNativeTarget "Man's Best FriendTests" */ = {
			isa = XCConfigurationList;
			buildConfigurations = (
				7F8817B318F946BB00BF8B72 /* Debug */,
				7F8817B418F946BB00BF8B72 /* Release */,
			);
			defaultConfigurationIsVisible = 0;
		};
/* End XCConfigurationList section */
	};
	rootObject = 7F88177518F946BA00BF8B72 /* Project object */;
}
